
Microsoft Visual Studio Solution File, Format Version 12.00
# Visual Studio Version 17
VisualStudioVersion = 17.6.33723.286
MinimumVisualStudioVersion = 10.0.40219.1
Project("{9A19103F-16F7-4668-BE54-9A1E7A4F7556}") = "Common", "Common\Common.csproj", "{699F3BDB-7780-4826-BBDE-9DEFC60C14F4}"
EndProject
Project("{9A19103F-16F7-4668-BE54-9A1E7A4F7556}") = "ThirdParty", "ThirdParty\ThirdParty.csproj", "{C503220A-A890-447E-A750-623605AEADE9}"
EndProject
Project("{2150E333-8FDC-42A3-9474-1A3956D46DE8}") = "Servers", "Servers", "{8BA34872-8E33-4ACE-A284-77C468F71B79}"
EndProject
Project("{2150E333-8FDC-42A3-9474-1A3956D46DE8}") = "Common", "Common", "{06B76E4A-0294-4581-B406-D8A36D11EF54}"
EndProject
Project("{2150E333-8FDC-42A3-9474-1A3956D46DE8}") = "ThirdParty", "ThirdParty", "{4997C034-DDC4-40CF-88CD-6AB6E0CDC343}"
EndProject
Project("{9A19103F-16F7-4668-BE54-9A1E7A4F7556}") = "LoginServer", "Servers\LoginServer\LoginServer.csproj", "{5D708207-B956-4065-9889-378BF6ABB1AC}"
EndProject
Project("{9A19103F-16F7-4668-BE54-9A1E7A4F7556}") = "ServerCommon", "Servers\ServerCommon\ServerCommon.csproj", "{6C08E4E0-A325-4F3E-A452-FC05635A6FDB}"
EndProject
Project("{9A19103F-16F7-4668-BE54-9A1E7A4F7556}") = "MasterServer", "Servers\MasterServer\MasterServer.csproj", "{BB6349D0-FD45-438C-8DD7-CA0C25BA4507}"
EndProject
Project("{9A19103F-16F7-4668-BE54-9A1E7A4F7556}") = "LobbyServer", "Servers\LobbyServer\LobbyServer.csproj", "{3E73F0DE-B8B5-497B-A9BA-9E51E4FEDF1C}"
EndProject
Project("{9A19103F-16F7-4668-BE54-9A1E7A4F7556}") = "DedicatedServer", "Servers\DedicatedServer\DedicatedServer.csproj", "{56F9A3AB-44FF-4C26-8E4D-02362D4A687E}"
EndProject
Project("{2150E333-8FDC-42A3-9474-1A3956D46DE8}") = "Test", "Test", "{4F7D09DC-FF13-44C4-AFB8-7F2D43883F29}"
EndProject
Project("{9A19103F-16F7-4668-BE54-9A1E7A4F7556}") = "UnitTest", "Test\UnitTest\UnitTest.csproj", "{8CABF0FB-4C69-4DC6-8B6D-C7E5EDFA9D0D}"
EndProject
Global
	GlobalSection(SolutionConfigurationPlatforms) = preSolution
		Debug|Any CPU = Debug|Any CPU
		Release|Any CPU = Release|Any CPU
	EndGlobalSection
	GlobalSection(ProjectConfigurationPlatforms) = postSolution
		{699F3BDB-7780-4826-BBDE-9DEFC60C14F4}.Debug|Any CPU.ActiveCfg = Debug|Any CPU
		{699F3BDB-7780-4826-BBDE-9DEFC60C14F4}.Debug|Any CPU.Build.0 = Debug|Any CPU
		{699F3BDB-7780-4826-BBDE-9DEFC60C14F4}.Release|Any CPU.ActiveCfg = Release|Any CPU
		{699F3BDB-7780-4826-BBDE-9DEFC60C14F4}.Release|Any CPU.Build.0 = Release|Any CPU
		{C503220A-A890-447E-A750-623605AEADE9}.Debug|Any CPU.ActiveCfg = Debug|Any CPU
		{C503220A-A890-447E-A750-623605AEADE9}.Debug|Any CPU.Build.0 = Debug|Any CPU
		{C503220A-A890-447E-A750-623605AEADE9}.Release|Any CPU.ActiveCfg = Release|Any CPU
		{C503220A-A890-447E-A750-623605AEADE9}.Release|Any CPU.Build.0 = Release|Any CPU
		{5D708207-B956-4065-9889-378BF6ABB1AC}.Debug|Any CPU.ActiveCfg = Debug|Any CPU
		{5D708207-B956-4065-9889-378BF6ABB1AC}.Debug|Any CPU.Build.0 = Debug|Any CPU
		{5D708207-B956-4065-9889-378BF6ABB1AC}.Release|Any CPU.ActiveCfg = Release|Any CPU
		{5D708207-B956-4065-9889-378BF6ABB1AC}.Release|Any CPU.Build.0 = Release|Any CPU
		{6C08E4E0-A325-4F3E-A452-FC05635A6FDB}.Debug|Any CPU.ActiveCfg = Debug|Any CPU
		{6C08E4E0-A325-4F3E-A452-FC05635A6FDB}.Debug|Any CPU.Build.0 = Debug|Any CPU
		{6C08E4E0-A325-4F3E-A452-FC05635A6FDB}.Release|Any CPU.ActiveCfg = Release|Any CPU
		{6C08E4E0-A325-4F3E-A452-FC05635A6FDB}.Release|Any CPU.Build.0 = Release|Any CPU
		{BB6349D0-FD45-438C-8DD7-CA0C25BA4507}.Debug|Any CPU.ActiveCfg = Debug|Any CPU
		{BB6349D0-FD45-438C-8DD7-CA0C25BA4507}.Debug|Any CPU.Build.0 = Debug|Any CPU
		{BB6349D0-FD45-438C-8DD7-CA0C25BA4507}.Release|Any CPU.ActiveCfg = Release|Any CPU
		{BB6349D0-FD45-438C-8DD7-CA0C25BA4507}.Release|Any CPU.Build.0 = Release|Any CPU
		{3E73F0DE-B8B5-497B-A9BA-9E51E4FEDF1C}.Debug|Any CPU.ActiveCfg = Debug|Any CPU
		{3E73F0DE-B8B5-497B-A9BA-9E51E4FEDF1C}.Debug|Any CPU.Build.0 = Debug|Any CPU
		{3E73F0DE-B8B5-497B-A9BA-9E51E4FEDF1C}.Release|Any CPU.ActiveCfg = Release|Any CPU
		{3E73F0DE-B8B5-497B-A9BA-9E51E4FEDF1C}.Release|Any CPU.Build.0 = Release|Any CPU
		{56F9A3AB-44FF-4C26-8E4D-02362D4A687E}.Debug|Any CPU.ActiveCfg = Debug|Any CPU
		{56F9A3AB-44FF-4C26-8E4D-02362D4A687E}.Debug|Any CPU.Build.0 = Debug|Any CPU
		{56F9A3AB-44FF-4C26-8E4D-02362D4A687E}.Release|Any CPU.ActiveCfg = Release|Any CPU
		{56F9A3AB-44FF-4C26-8E4D-02362D4A687E}.Release|Any CPU.Build.0 = Release|Any CPU
		{8CABF0FB-4C69-4DC6-8B6D-C7E5EDFA9D0D}.Debug|Any CPU.ActiveCfg = Debug|Any CPU
		{8CABF0FB-4C69-4DC6-8B6D-C7E5EDFA9D0D}.Debug|Any CPU.Build.0 = Debug|Any CPU
		{8CABF0FB-4C69-4DC6-8B6D-C7E5EDFA9D0D}.Release|Any CPU.ActiveCfg = Release|Any CPU
		{8CABF0FB-4C69-4DC6-8B6D-C7E5EDFA9D0D}.Release|Any CPU.Build.0 = Release|Any CPU
	EndGlobalSection
	GlobalSection(SolutionProperties) = preSolution
		HideSolutionNode = FALSE
	EndGlobalSection
	GlobalSection(NestedProjects) = preSolution
		{699F3BDB-7780-4826-BBDE-9DEFC60C14F4} = {06B76E4A-0294-4581-B406-D8A36D11EF54}
		{C503220A-A890-447E-A750-623605AEADE9} = {4997C034-DDC4-40CF-88CD-6AB6E0CDC343}
		{5D708207-B956-4065-9889-378BF6ABB1AC} = {8BA34872-8E33-4ACE-A284-77C468F71B79}
		{6C08E4E0-A325-4F3E-A452-FC05635A6FDB} = {8BA34872-8E33-4ACE-A284-77C468F71B79}
		{BB6349D0-FD45-438C-8DD7-CA0C25BA4507} = {8BA34872-8E33-4ACE-A284-77C468F71B79}
		{3E73F0DE-B8B5-497B-A9BA-9E51E4FEDF1C} = {8BA34872-8E33-4ACE-A284-77C468F71B79}
		{56F9A3AB-44FF-4C26-8E4D-02362D4A687E} = {8BA34872-8E33-4ACE-A284-77C468F71B79}
		{8CABF0FB-4C69-4DC6-8B6D-C7E5EDFA9D0D} = {4F7D09DC-FF13-44C4-AFB8-7F2D43883F29}
	EndGlobalSection
	GlobalSection(ExtensibilityGlobals) = postSolution
		SolutionGuid = {470EB4A1-A608-48BD-955E-D79457DE7068}
	EndGlobalSection
EndGlobal
